// !$*UTF8*$!
{
	archiveVersion = 1;
	classes = {
	};
	objectVersion = 50;
	objects = {

/* Begin PBXBuildFile section */
		481D25272473F12600F2D6BE /* AppDelegate.swift in Sources */ = {isa = PBXBuildFile; fileRef = 481D25262473F12600F2D6BE /* AppDelegate.swift */; };
		481D25292473F12600F2D6BE /* SceneDelegate.swift in Sources */ = {isa = PBXBuildFile; fileRef = 481D25282473F12600F2D6BE /* SceneDelegate.swift */; };
		481D252B2473F12600F2D6BE /* ViewController.swift in Sources */ = {isa = PBXBuildFile; fileRef = 481D252A2473F12600F2D6BE /* ViewController.swift */; };
		481D252E2473F12600F2D6BE /* Main.storyboard in Resources */ = {isa = PBXBuildFile; fileRef = 481D252C2473F12600F2D6BE /* Main.storyboard */; };
		481D25332473F12900F2D6BE /* Assets.xcassets in Resources */ = {isa = PBXBuildFile; fileRef = 481D25322473F12900F2D6BE /* Assets.xcassets */; };
		481D25362473F12900F2D6BE /* LaunchScreen.storyboard in Resources */ = {isa = PBXBuildFile; fileRef = 481D25342473F12900F2D6BE /* LaunchScreen.storyboard */; };
		481D25412473F12900F2D6BE /* GitHub_SearchTests.swift in Sources */ = {isa = PBXBuildFile; fileRef = 481D25402473F12900F2D6BE /* GitHub_SearchTests.swift */; };
		481D254C2473F1B300F2D6BE /* Parser.swift in Sources */ = {isa = PBXBuildFile; fileRef = 481D254B2473F1B300F2D6BE /* Parser.swift */; };
		481D254E2473F22E00F2D6BE /* Model.swift in Sources */ = {isa = PBXBuildFile; fileRef = 481D254D2473F22E00F2D6BE /* Model.swift */; };
		481D25502473F92C00F2D6BE /* SearchCell.swift in Sources */ = {isa = PBXBuildFile; fileRef = 481D254F2473F92C00F2D6BE /* SearchCell.swift */; };
		481D25552474184B00F2D6BE /* DetailedViewController.swift in Sources */ = {isa = PBXBuildFile; fileRef = 481D25542474184B00F2D6BE /* DetailedViewController.swift */; };
		481D255924741C5C00F2D6BE /* ResultViewCell.swift in Sources */ = {isa = PBXBuildFile; fileRef = 481D255824741C5C00F2D6BE /* ResultViewCell.swift */; };
		481D255B24741C7A00F2D6BE /* WebViewCell.swift in Sources */ = {isa = PBXBuildFile; fileRef = 481D255A24741C7A00F2D6BE /* WebViewCell.swift */; };
		481D255D24741EBD00F2D6BE /* APIManager.swift in Sources */ = {isa = PBXBuildFile; fileRef = 481D255C24741EBD00F2D6BE /* APIManager.swift */; };
		481D2560247421C200F2D6BE /* CoreDataStack.swift in Sources */ = {isa = PBXBuildFile; fileRef = 481D255F247421C200F2D6BE /* CoreDataStack.swift */; };
		481D2565247443C100F2D6BE /* GitHubData.xcdatamodeld in Sources */ = {isa = PBXBuildFile; fileRef = 481D2563247443C100F2D6BE /* GitHubData.xcdatamodeld */; };
		48F5E0D924748B84004E6B60 /* WebKit.framework in Frameworks */ = {isa = PBXBuildFile; fileRef = 48F5E0D824748B84004E6B60 /* WebKit.framework */; };
		48F5E0DB24748EC8004E6B60 /* Extention.swift in Sources */ = {isa = PBXBuildFile; fileRef = 48F5E0DA24748EC8004E6B60 /* Extention.swift */; };
		48F5E0DD2474981A004E6B60 /* SpinnerViewController.swift in Sources */ = {isa = PBXBuildFile; fileRef = 48F5E0DC2474981A004E6B60 /* SpinnerViewController.swift */; };
/* End PBXBuildFile section */

/* Begin PBXContainerItemProxy section */
		481D253D2473F12900F2D6BE /* PBXContainerItemProxy */ = {
			isa = PBXContainerItemProxy;
			containerPortal = 481D251B2473F12600F2D6BE /* Project object */;
			proxyType = 1;
			remoteGlobalIDString = 481D25222473F12600F2D6BE;
			remoteInfo = "GitHub Search";
		};
/* End PBXContainerItemProxy section */

/* Begin PBXFileReference section */
		481D25232473F12600F2D6BE /* GitHub Search.app */ = {isa = PBXFileReference; explicitFileType = wrapper.application; includeInIndex = 0; path = "GitHub Search.app"; sourceTree = BUILT_PRODUCTS_DIR; };
		481D25262473F12600F2D6BE /* AppDelegate.swift */ = {isa = PBXFileReference; lastKnownFileType = sourcecode.swift; path = AppDelegate.swift; sourceTree = "<group>"; };
		481D25282473F12600F2D6BE /* SceneDelegate.swift */ = {isa = PBXFileReference; lastKnownFileType = sourcecode.swift; path = SceneDelegate.swift; sourceTree = "<group>"; };
		481D252A2473F12600F2D6BE /* ViewController.swift */ = {isa = PBXFileReference; lastKnownFileType = sourcecode.swift; path = ViewController.swift; sourceTree = "<group>"; };
		481D252D2473F12600F2D6BE /* Base */ = {isa = PBXFileReference; lastKnownFileType = file.storyboard; name = Base; path = Base.lproj/Main.storyboard; sourceTree = "<group>"; };
		481D25322473F12900F2D6BE /* Assets.xcassets */ = {isa = PBXFileReference; lastKnownFileType = folder.assetcatalog; path = Assets.xcassets; sourceTree = "<group>"; };
		481D25352473F12900F2D6BE /* Base */ = {isa = PBXFileReference; lastKnownFileType = file.storyboard; name = Base; path = Base.lproj/LaunchScreen.storyboard; sourceTree = "<group>"; };
		481D25372473F12900F2D6BE /* Info.plist */ = {isa = PBXFileReference; lastKnownFileType = text.plist.xml; path = Info.plist; sourceTree = "<group>"; };
		481D253C2473F12900F2D6BE /* GitHub SearchTests.xctest */ = {isa = PBXFileReference; explicitFileType = wrapper.cfbundle; includeInIndex = 0; path = "GitHub SearchTests.xctest"; sourceTree = BUILT_PRODUCTS_DIR; };
		481D25402473F12900F2D6BE /* GitHub_SearchTests.swift */ = {isa = PBXFileReference; lastKnownFileType = sourcecode.swift; path = GitHub_SearchTests.swift; sourceTree = "<group>"; };
		481D25422473F12900F2D6BE /* Info.plist */ = {isa = PBXFileReference; lastKnownFileType = text.plist.xml; path = Info.plist; sourceTree = "<group>"; };
		481D254B2473F1B300F2D6BE /* Parser.swift */ = {isa = PBXFileReference; lastKnownFileType = sourcecode.swift; path = Parser.swift; sourceTree = "<group>"; };
		481D254D2473F22E00F2D6BE /* Model.swift */ = {isa = PBXFileReference; lastKnownFileType = sourcecode.swift; path = Model.swift; sourceTree = "<group>"; };
		481D254F2473F92C00F2D6BE /* SearchCell.swift */ = {isa = PBXFileReference; lastKnownFileType = sourcecode.swift; path = SearchCell.swift; sourceTree = "<group>"; };
		481D25542474184B00F2D6BE /* DetailedViewController.swift */ = {isa = PBXFileReference; lastKnownFileType = sourcecode.swift; path = DetailedViewController.swift; sourceTree = "<group>"; };
		481D255824741C5C00F2D6BE /* ResultViewCell.swift */ = {isa = PBXFileReference; lastKnownFileType = sourcecode.swift; path = ResultViewCell.swift; sourceTree = "<group>"; };
		481D255A24741C7A00F2D6BE /* WebViewCell.swift */ = {isa = PBXFileReference; lastKnownFileType = sourcecode.swift; path = WebViewCell.swift; sourceTree = "<group>"; };
		481D255C24741EBD00F2D6BE /* APIManager.swift */ = {isa = PBXFileReference; lastKnownFileType = sourcecode.swift; path = APIManager.swift; sourceTree = "<group>"; };
		481D255F247421C200F2D6BE /* CoreDataStack.swift */ = {isa = PBXFileReference; lastKnownFileType = sourcecode.swift; path = CoreDataStack.swift; sourceTree = "<group>"; };
		481D2564247443C100F2D6BE /* GitHubData.xcdatamodel */ = {isa = PBXFileReference; lastKnownFileType = wrapper.xcdatamodel; path = GitHubData.xcdatamodel; sourceTree = "<group>"; };
		48F5E0D824748B84004E6B60 /* WebKit.framework */ = {isa = PBXFileReference; lastKnownFileType = wrapper.framework; name = WebKit.framework; path = System/Library/Frameworks/WebKit.framework; sourceTree = SDKROOT; };
		48F5E0DA24748EC8004E6B60 /* Extention.swift */ = {isa = PBXFileReference; lastKnownFileType = sourcecode.swift; path = Extention.swift; sourceTree = "<group>"; };
		48F5E0DC2474981A004E6B60 /* SpinnerViewController.swift */ = {isa = PBXFileReference; lastKnownFileType = sourcecode.swift; path = SpinnerViewController.swift; sourceTree = "<group>"; };
/* End PBXFileReference section */

/* Begin PBXFrameworksBuildPhase section */
		481D25202473F12600F2D6BE /* Frameworks */ = {
			isa = PBXFrameworksBuildPhase;
			buildActionMask = 2147483647;
			files = (
				48F5E0D924748B84004E6B60 /* WebKit.framework in Frameworks */,
			);
			runOnlyForDeploymentPostprocessing = 0;
		};
		481D25392473F12900F2D6BE /* Frameworks */ = {
			isa = PBXFrameworksBuildPhase;
			buildActionMask = 2147483647;
			files = (
			);
			runOnlyForDeploymentPostprocessing = 0;
		};
/* End PBXFrameworksBuildPhase section */

/* Begin PBXGroup section */
		481D251A2473F12600F2D6BE = {
			isa = PBXGroup;
			children = (
				481D25252473F12600F2D6BE /* GitHub Search */,
				481D255E24741EDB00F2D6BE /* Manager */,
				481D2557247418A500F2D6BE /* Views */,
				481D25562474186F00F2D6BE /* ViewControllers */,
				481D25532473F9CD00F2D6BE /* Core Data */,
				481D25522473F9A300F2D6BE /* Model */,
				481D25512473F93F00F2D6BE /* Custom Cells */,
				481D253F2473F12900F2D6BE /* GitHub SearchTests */,
				481D25242473F12600F2D6BE /* Products */,
				48F5E0D724748B84004E6B60 /* Frameworks */,
			);
			sourceTree = "<group>";
		};
		481D25242473F12600F2D6BE /* Products */ = {
			isa = PBXGroup;
			children = (
				481D25232473F12600F2D6BE /* GitHub Search.app */,
				481D253C2473F12900F2D6BE /* GitHub SearchTests.xctest */,
			);
			name = Products;
			sourceTree = "<group>";
		};
		481D25252473F12600F2D6BE /* GitHub Search */ = {
			isa = PBXGroup;
			children = (
				481D25262473F12600F2D6BE /* AppDelegate.swift */,
				481D25282473F12600F2D6BE /* SceneDelegate.swift */,
				481D25372473F12900F2D6BE /* Info.plist */,
				48F5E0DA24748EC8004E6B60 /* Extention.swift */,
			);
			path = "GitHub Search";
			sourceTree = "<group>";
		};
		481D253F2473F12900F2D6BE /* GitHub SearchTests */ = {
			isa = PBXGroup;
			children = (
				481D25402473F12900F2D6BE /* GitHub_SearchTests.swift */,
				481D25422473F12900F2D6BE /* Info.plist */,
			);
			path = "GitHub SearchTests";
			sourceTree = "<group>";
		};
		481D25512473F93F00F2D6BE /* Custom Cells */ = {
			isa = PBXGroup;
			children = (
				481D254F2473F92C00F2D6BE /* SearchCell.swift */,
				481D255824741C5C00F2D6BE /* ResultViewCell.swift */,
				481D255A24741C7A00F2D6BE /* WebViewCell.swift */,
			);
			path = "Custom Cells";
			sourceTree = "<group>";
		};
		481D25522473F9A300F2D6BE /* Model */ = {
			isa = PBXGroup;
			children = (
				481D254D2473F22E00F2D6BE /* Model.swift */,
			);
			path = Model;
			sourceTree = "<group>";
		};
		481D25532473F9CD00F2D6BE /* Core Data */ = {
			isa = PBXGroup;
			children = (
				481D255F247421C200F2D6BE /* CoreDataStack.swift */,
				481D2563247443C100F2D6BE /* GitHubData.xcdatamodeld */,
			);
			path = "Core Data";
			sourceTree = "<group>";
		};
		481D25562474186F00F2D6BE /* ViewControllers */ = {
			isa = PBXGroup;
			children = (
				481D252A2473F12600F2D6BE /* ViewController.swift */,
				481D25542474184B00F2D6BE /* DetailedViewController.swift */,
				48F5E0DC2474981A004E6B60 /* SpinnerViewController.swift */,
			);
			path = ViewControllers;
			sourceTree = "<group>";
		};
		481D2557247418A500F2D6BE /* Views */ = {
			isa = PBXGroup;
			children = (
				481D252C2473F12600F2D6BE /* Main.storyboard */,
				481D25322473F12900F2D6BE /* Assets.xcassets */,
				481D25342473F12900F2D6BE /* LaunchScreen.storyboard */,
			);
			path = Views;
			sourceTree = "<group>";
		};
		481D255E24741EDB00F2D6BE /* Manager */ = {
			isa = PBXGroup;
			children = (
				481D255C24741EBD00F2D6BE /* APIManager.swift */,
				481D254B2473F1B300F2D6BE /* Parser.swift */,
			);
			name = Manager;
			sourceTree = "<group>";
		};
		48F5E0D724748B84004E6B60 /* Frameworks */ = {
			isa = PBXGroup;
			children = (
				48F5E0D824748B84004E6B60 /* WebKit.framework */,
			);
			name = Frameworks;
			sourceTree = "<group>";
		};
/* End PBXGroup section */

/* Begin PBXNativeTarget section */
		481D25222473F12600F2D6BE /* GitHub Search */ = {
			isa = PBXNativeTarget;
			buildConfigurationList = 481D25452473F12900F2D6BE /* Build configuration list for PBXNativeTarget "GitHub Search" */;
			buildPhases = (
				481D251F2473F12600F2D6BE /* Sources */,
				481D25202473F12600F2D6BE /* Frameworks */,
				481D25212473F12600F2D6BE /* Resources */,
			);
			buildRules = (
			);
			dependencies = (
			);
			name = "GitHub Search";
			productName = "GitHub Search";
			productReference = 481D25232473F12600F2D6BE /* GitHub Search.app */;
			productType = "com.apple.product-type.application";
		};
		481D253B2473F12900F2D6BE /* GitHub SearchTests */ = {
			isa = PBXNativeTarget;
			buildConfigurationList = 481D25482473F12900F2D6BE /* Build configuration list for PBXNativeTarget "GitHub SearchTests" */;
			buildPhases = (
				481D25382473F12900F2D6BE /* Sources */,
				481D25392473F12900F2D6BE /* Frameworks */,
				481D253A2473F12900F2D6BE /* Resources */,
			);
			buildRules = (
			);
			dependencies = (
				481D253E2473F12900F2D6BE /* PBXTargetDependency */,
			);
			name = "GitHub SearchTests";
			productName = "GitHub SearchTests";
			productReference = 481D253C2473F12900F2D6BE /* GitHub SearchTests.xctest */;
			productType = "com.apple.product-type.bundle.unit-test";
		};
/* End PBXNativeTarget section */

/* Begin PBXProject section */
		481D251B2473F12600F2D6BE /* Project object */ = {
			isa = PBXProject;
			attributes = {
				LastSwiftUpdateCheck = 1140;
				LastUpgradeCheck = 1140;
				ORGANIZATIONNAME = "Emil Vaklinov";
				TargetAttributes = {
					481D25222473F12600F2D6BE = {
						CreatedOnToolsVersion = 11.4.1;
					};
					481D253B2473F12900F2D6BE = {
						CreatedOnToolsVersion = 11.4.1;
						TestTargetID = 481D25222473F12600F2D6BE;
					};
				};
			};
			buildConfigurationList = 481D251E2473F12600F2D6BE /* Build configuration list for PBXProject "GitHub Search" */;
			compatibilityVersion = "Xcode 9.3";
			developmentRegion = en;
			hasScannedForEncodings = 0;
			knownRegions = (
				en,
				Base,
			);
			mainGroup = 481D251A2473F12600F2D6BE;
			productRefGroup = 481D25242473F12600F2D6BE /* Products */;
			projectDirPath = "";
			projectRoot = "";
			targets = (
				481D25222473F12600F2D6BE /* GitHub Search */,
				481D253B2473F12900F2D6BE /* GitHub SearchTests */,
			);
		};
/* End PBXProject section */

/* Begin PBXResourcesBuildPhase section */
		481D25212473F12600F2D6BE /* Resources */ = {
			isa = PBXResourcesBuildPhase;
			buildActionMask = 2147483647;
			files = (
				481D25362473F12900F2D6BE /* LaunchScreen.storyboard in Resources */,
				481D25332473F12900F2D6BE /* Assets.xcassets in Resources */,
				481D252E2473F12600F2D6BE /* Main.storyboard in Resources */,
			);
			runOnlyForDeploymentPostprocessing = 0;
		};
		481D253A2473F12900F2D6BE /* Resources */ = {
			isa = PBXResourcesBuildPhase;
			buildActionMask = 2147483647;
			files = (
			);
			runOnlyForDeploymentPostprocessing = 0;
		};
/* End PBXResourcesBuildPhase section */

/* Begin PBXSourcesBuildPhase section */
		481D251F2473F12600F2D6BE /* Sources */ = {
			isa = PBXSourcesBuildPhase;
			buildActionMask = 2147483647;
			files = (
				481D252B2473F12600F2D6BE /* ViewController.swift in Sources */,
				481D255924741C5C00F2D6BE /* ResultViewCell.swift in Sources */,
				481D25272473F12600F2D6BE /* AppDelegate.swift in Sources */,
				48F5E0DB24748EC8004E6B60 /* Extention.swift in Sources */,
				481D2560247421C200F2D6BE /* CoreDataStack.swift in Sources */,
				481D2565247443C100F2D6BE /* GitHubData.xcdatamodeld in Sources */,
				481D25552474184B00F2D6BE /* DetailedViewController.swift in Sources */,
				481D255D24741EBD00F2D6BE /* APIManager.swift in Sources */,
				481D254C2473F1B300F2D6BE /* Parser.swift in Sources */,
				481D255B24741C7A00F2D6BE /* WebViewCell.swift in Sources */,
				481D25502473F92C00F2D6BE /* SearchCell.swift in Sources */,
				481D254E2473F22E00F2D6BE /* Model.swift in Sources */,
				48F5E0DD2474981A004E6B60 /* SpinnerViewController.swift in Sources */,
				481D25292473F12600F2D6BE /* SceneDelegate.swift in Sources */,
			);
			runOnlyForDeploymentPostprocessing = 0;
		};
		481D25382473F12900F2D6BE /* Sources */ = {
			isa = PBXSourcesBuildPhase;
			buildActionMask = 2147483647;
			files = (
				481D25412473F12900F2D6BE /* GitHub_SearchTests.swift in Sources */,
			);
			runOnlyForDeploymentPostprocessing = 0;
		};
/* End PBXSourcesBuildPhase section */

/* Begin PBXTargetDependency section */
		481D253E2473F12900F2D6BE /* PBXTargetDependency */ = {
			isa = PBXTargetDependency;
			target = 481D25222473F12600F2D6BE /* GitHub Search */;
			targetProxy = 481D253D2473F12900F2D6BE /* PBXContainerItemProxy */;
		};
/* End PBXTargetDependency section */

/* Begin PBXVariantGroup section */
		481D252C2473F12600F2D6BE /* Main.storyboard */ = {
			isa = PBXVariantGroup;
			children = (
				481D252D2473F12600F2D6BE /* Base */,
			);
			name = Main.storyboard;
			sourceTree = "<group>";
		};
		481D25342473F12900F2D6BE /* LaunchScreen.storyboard */ = {
			isa = PBXVariantGroup;
			children = (
				481D25352473F12900F2D6BE /* Base */,
			);
			name = LaunchScreen.storyboard;
			sourceTree = "<group>";
		};
/* End PBXVariantGroup section */

/* Begin XCBuildConfiguration section */
		481D25432473F12900F2D6BE /* Debug */ = {
			isa = XCBuildConfiguration;
			buildSettings = {
				ALWAYS_SEARCH_USER_PATHS = NO;
				CLANG_ANALYZER_NONNULL = YES;
				CLANG_ANALYZER_NUMBER_OBJECT_CONVERSION = YES_AGGRESSIVE;
				CLANG_CXX_LANGUAGE_STANDARD = "gnu++14";
				CLANG_CXX_LIBRARY = "libc++";
				CLANG_ENABLE_MODULES = YES;
				CLANG_ENABLE_OBJC_ARC = YES;
				CLANG_ENABLE_OBJC_WEAK = YES;
				CLANG_WARN_BLOCK_CAPTURE_AUTORELEASING = YES;
				CLANG_WARN_BOOL_CONVERSION = YES;
				CLANG_WARN_COMMA = YES;
				CLANG_WARN_CONSTANT_CONVERSION = YES;
				CLANG_WARN_DEPRECATED_OBJC_IMPLEMENTATIONS = YES;
				CLANG_WARN_DIRECT_OBJC_ISA_USAGE = YES_ERROR;
				CLANG_WARN_DOCUMENTATION_COMMENTS = YES;
				CLANG_WARN_EMPTY_BODY = YES;
				CLANG_WARN_ENUM_CONVERSION = YES;
				CLANG_WARN_INFINITE_RECURSION = YES;
				CLANG_WARN_INT_CONVERSION = YES;
				CLANG_WARN_NON_LITERAL_NULL_CONVERSION = YES;
				CLANG_WARN_OBJC_IMPLICIT_RETAIN_SELF = YES;
				CLANG_WARN_OBJC_LITERAL_CONVERSION = YES;
				CLANG_WARN_OBJC_ROOT_CLASS = YES_ERROR;
				CLANG_WARN_RANGE_LOOP_ANALYSIS = YES;
				CLANG_WARN_STRICT_PROTOTYPES = YES;
				CLANG_WARN_SUSPICIOUS_MOVE = YES;
				CLANG_WARN_UNGUARDED_AVAILABILITY = YES_AGGRESSIVE;
				CLANG_WARN_UNREACHABLE_CODE = YES;
				CLANG_WARN__DUPLICATE_METHOD_MATCH = YES;
				COPY_PHASE_STRIP = NO;
				DEBUG_INFORMATION_FORMAT = dwarf;
				ENABLE_STRICT_OBJC_MSGSEND = YES;
				ENABLE_TESTABILITY = YES;
				GCC_C_LANGUAGE_STANDARD = gnu11;
				GCC_DYNAMIC_NO_PIC = NO;
				GCC_NO_COMMON_BLOCKS = YES;
				GCC_OPTIMIZATION_LEVEL = 0;
				GCC_PREPROCESSOR_DEFINITIONS = (
					"DEBUG=1",
					"$(inherited)",
				);
				GCC_WARN_64_TO_32_BIT_CONVERSION = YES;
				GCC_WARN_ABOUT_RETURN_TYPE = YES_ERROR;
				GCC_WARN_UNDECLARED_SELECTOR = YES;
				GCC_WARN_UNINITIALIZED_AUTOS = YES_AGGRESSIVE;
				GCC_WARN_UNUSED_FUNCTION = YES;
				GCC_WARN_UNUSED_VARIABLE = YES;
				IPHONEOS_DEPLOYMENT_TARGET = 13.4;
				MTL_ENABLE_DEBUG_INFO = INCLUDE_SOURCE;
				MTL_FAST_MATH = YES;
				ONLY_ACTIVE_ARCH = YES;
				SDKROOT = iphoneos;
				SWIFT_ACTIVE_COMPILATION_CONDITIONS = DEBUG;
				SWIFT_OPTIMIZATION_LEVEL = "-Onone";
			};
			name = Debug;
		};
		481D25442473F12900F2D6BE /* Release */ = {
			isa = XCBuildConfiguration;
			buildSettings = {
				ALWAYS_SEARCH_USER_PATHS = NO;
				CLANG_ANALYZER_NONNULL = YES;
				CLANG_ANALYZER_NUMBER_OBJECT_CONVERSION = YES_AGGRESSIVE;
				CLANG_CXX_LANGUAGE_STANDARD = "gnu++14";
				CLANG_CXX_LIBRARY = "libc++";
				CLANG_ENABLE_MODULES = YES;
				CLANG_ENABLE_OBJC_ARC = YES;
				CLANG_ENABLE_OBJC_WEAK = YES;
				CLANG_WARN_BLOCK_CAPTURE_AUTORELEASING = YES;
				CLANG_WARN_BOOL_CONVERSION = YES;
				CLANG_WARN_COMMA = YES;
				CLANG_WARN_CONSTANT_CONVERSION = YES;
				CLANG_WARN_DEPRECATED_OBJC_IMPLEMENTATIONS = YES;
				CLANG_WARN_DIRECT_OBJC_ISA_USAGE = YES_ERROR;
				CLANG_WARN_DOCUMENTATION_COMMENTS = YES;
				CLANG_WARN_EMPTY_BODY = YES;
				CLANG_WARN_ENUM_CONVERSION = YES;
				CLANG_WARN_INFINITE_RECURSION = YES;
				CLANG_WARN_INT_CONVERSION = YES;
				CLANG_WARN_NON_LITERAL_NULL_CONVERSION = YES;
				CLANG_WARN_OBJC_IMPLICIT_RETAIN_SELF = YES;
				CLANG_WARN_OBJC_LITERAL_CONVERSION = YES;
				CLANG_WARN_OBJC_ROOT_CLASS = YES_ERROR;
				CLANG_WARN_RANGE_LOOP_ANALYSIS = YES;
				CLANG_WARN_STRICT_PROTOTYPES = YES;
				CLANG_WARN_SUSPICIOUS_MOVE = YES;
				CLANG_WARN_UNGUARDED_AVAILABILITY = YES_AGGRESSIVE;
				CLANG_WARN_UNREACHABLE_CODE = YES;
				CLANG_WARN__DUPLICATE_METHOD_MATCH = YES;
				COPY_PHASE_STRIP = NO;
				DEBUG_INFORMATION_FORMAT = "dwarf-with-dsym";
				ENABLE_NS_ASSERTIONS = NO;
				ENABLE_STRICT_OBJC_MSGSEND = YES;
				GCC_C_LANGUAGE_STANDARD = gnu11;
				GCC_NO_COMMON_BLOCKS = YES;
				GCC_WARN_64_TO_32_BIT_CONVERSION = YES;
				GCC_WARN_ABOUT_RETURN_TYPE = YES_ERROR;
				GCC_WARN_UNDECLARED_SELECTOR = YES;
				GCC_WARN_UNINITIALIZED_AUTOS = YES_AGGRESSIVE;
				GCC_WARN_UNUSED_FUNCTION = YES;
				GCC_WARN_UNUSED_VARIABLE = YES;
				IPHONEOS_DEPLOYMENT_TARGET = 13.4;
				MTL_ENABLE_DEBUG_INFO = NO;
				MTL_FAST_MATH = YES;
				SDKROOT = iphoneos;
				SWIFT_COMPILATION_MODE = wholemodule;
				SWIFT_OPTIMIZATION_LEVEL = "-O";
				VALIDATE_PRODUCT = YES;
			};
			name = Release;
		};
		481D25462473F12900F2D6BE /* Debug */ = {
			isa = XCBuildConfiguration;
			buildSettings = {
				ASSETCATALOG_COMPILER_APPICON_NAME = AppIcon;
				CODE_SIGN_STYLE = Automatic;
				INFOPLIST_FILE = "GitHub Search/Info.plist";
				LD_RUNPATH_SEARCH_PATHS = (
					"$(inherited)",
					"@executable_path/Frameworks",
				);
				PRODUCT_BUNDLE_IDENTIFIER = "com.emil.GitHub-Search";
				PRODUCT_NAME = "$(TARGET_NAME)";
				SWIFT_VERSION = 5.0;
				TARGETED_DEVICE_FAMILY = "1,2";
			};
			name = Debug;
		};
		481D25472473F12900F2D6BE /* Release */ = {
			isa = XCBuildConfiguration;
			buildSettings = {
				ASSETCATALOG_COMPILER_APPICON_NAME = AppIcon;
				CODE_SIGN_STYLE = Automatic;
				INFOPLIST_FILE = "GitHub Search/Info.plist";
				LD_RUNPATH_SEARCH_PATHS = (
					"$(inherited)",
					"@executable_path/Frameworks",
				);
				PRODUCT_BUNDLE_IDENTIFIER = "com.emil.GitHub-Search";
				PRODUCT_NAME = "$(TARGET_NAME)";
				SWIFT_VERSION = 5.0;
				TARGETED_DEVICE_FAMILY = "1,2";
			};
			name = Release;
		};
		481D25492473F12900F2D6BE /* Debug */ = {
			isa = XCBuildConfiguration;
			buildSettings = {
				ALWAYS_EMBED_SWIFT_STANDARD_LIBRARIES = YES;
				BUNDLE_LOADER = "$(TEST_HOST)";
				CODE_SIGN_STYLE = Automatic;
				INFOPLIST_FILE = "GitHub SearchTests/Info.plist";
				IPHONEOS_DEPLOYMENT_TARGET = 13.4;
				LD_RUNPATH_SEARCH_PATHS = (
					"$(inherited)",
					"@executable_path/Frameworks",
					"@loader_path/Frameworks",
				);
				PRODUCT_BUNDLE_IDENTIFIER = "com.emil.GitHub-SearchTests";
				PRODUCT_NAME = "$(TARGET_NAME)";
				SWIFT_VERSION = 5.0;
				TARGETED_DEVICE_FAMILY = "1,2";
				TEST_HOST = "$(BUILT_PRODUCTS_DIR)/GitHub Search.app/GitHub Search";
			};
			name = Debug;
		};
		481D254A2473F12900F2D6BE /* Release */ = {
			isa = XCBuildConfiguration;
			buildSettings = {
				ALWAYS_EMBED_SWIFT_STANDARD_LIBRARIES = YES;
				BUNDLE_LOADER = "$(TEST_HOST)";
				CODE_SIGN_STYLE = Automatic;
				INFOPLIST_FILE = "GitHub SearchTests/Info.plist";
				IPHONEOS_DEPLOYMENT_TARGET = 13.4;
				LD_RUNPATH_SEARCH_PATHS = (
					"$(inherited)",
					"@executable_path/Frameworks",
					"@loader_path/Frameworks",
				);
				PRODUCT_BUNDLE_IDENTIFIER = "com.emil.GitHub-SearchTests";
				PRODUCT_NAME = "$(TARGET_NAME)";
				SWIFT_VERSION = 5.0;
				TARGETED_DEVICE_FAMILY = "1,2";
				TEST_HOST = "$(BUILT_PRODUCTS_DIR)/GitHub Search.app/GitHub Search";
			};
			name = Release;
		};
/* End XCBuildConfiguration section */

/* Begin XCConfigurationList section */
		481D251E2473F12600F2D6BE /* Build configuration list for PBXProject "GitHub Search" */ = {
			isa = XCConfigurationList;
			buildConfigurations = (
				481D25432473F12900F2D6BE /* Debug */,
				481D25442473F12900F2D6BE /* Release */,
			);
			defaultConfigurationIsVisible = 0;
			defaultConfigurationName = Release;
		};
		481D25452473F12900F2D6BE /* Build configuration list for PBXNativeTarget "GitHub Search" */ = {
			isa = XCConfigurationList;
			buildConfigurations = (
				481D25462473F12900F2D6BE /* Debug */,
				481D25472473F12900F2D6BE /* Release */,
			);
			defaultConfigurationIsVisible = 0;
			defaultConfigurationName = Release;
		};
		481D25482473F12900F2D6BE /* Build configuration list for PBXNativeTarget "GitHub SearchTests" */ = {
			isa = XCConfigurationList;
			buildConfigurations = (
				481D25492473F12900F2D6BE /* Debug */,
				481D254A2473F12900F2D6BE /* Release */,
			);
			defaultConfigurationIsVisible = 0;
			defaultConfigurationName = Release;
		};
/* End XCConfigurationList section */

/* Begin XCVersionGroup section */
		481D2563247443C100F2D6BE /* GitHubData.xcdatamodeld */ = {
			isa = XCVersionGroup;
			children = (
				481D2564247443C100F2D6BE /* GitHubData.xcdatamodel */,
			);
			currentVersion = 481D2564247443C100F2D6BE /* GitHubData.xcdatamodel */;
			path = GitHubData.xcdatamodeld;
			sourceTree = "<group>";
			versionGroupType = wrapper.xcdatamodel;
		};
/* End XCVersionGroup section */
	};
	rootObject = 481D251B2473F12600F2D6BE /* Project object */;
}
